
Microsoft Visual Studio Solution File, Format Version 12.00
# Visual Studio Version 17
VisualStudioVersion = 17.8.34309.116
MinimumVisualStudioVersion = 10.0.40219.1
Project("{9A19103F-16F7-4668-BE54-9A1E7A4F7556}") = "Common", "Common\Common.csproj", "{03684CE3-E88C-4D3F-8E63-EFA64143FDED}"
EndProject
Project("{9A19103F-16F7-4668-BE54-9A1E7A4F7556}") = "SocializR.DataAccess", "Socializr.DataAccess\SocializR.DataAccess.csproj", "{6041160B-CEE3-482A-8D5E-834426463BD0}"
EndProject
Project("{9A19103F-16F7-4668-BE54-9A1E7A4F7556}") = "Socializr.Models", "Socializr.Entities\Socializr.Models.csproj", "{5145C22B-0317-4EB6-8838-93079E6E3067}"
EndProject
Project("{9A19103F-16F7-4668-BE54-9A1E7A4F7556}") = "SocializR.Services", "SocializR.Services\SocializR.Services.csproj", "{C80AB649-9424-4B98-877A-7A0E235177E1}"
EndProject
Project("{9A19103F-16F7-4668-BE54-9A1E7A4F7556}") = "SocializR.Web", "SocializR.Web\SocializR.Web.csproj", "{8CB24D74-10B7-407D-8113-3C630EF60C5D}"
EndProject
Project("{9A19103F-16F7-4668-BE54-9A1E7A4F7556}") = "Utils", "Utils\Utils.csproj", "{FE06C9F1-0D7B-452F-9566-402E632868A0}"
EndProject
Global
	GlobalSection(SolutionConfigurationPlatforms) = preSolution
		Debug|Any CPU = Debug|Any CPU
		Release|Any CPU = Release|Any CPU
	EndGlobalSection
	GlobalSection(ProjectConfigurationPlatforms) = postSolution
		{03684CE3-E88C-4D3F-8E63-EFA64143FDED}.Debug|Any CPU.ActiveCfg = Debug|Any CPU
		{03684CE3-E88C-4D3F-8E63-EFA64143FDED}.Debug|Any CPU.Build.0 = Debug|Any CPU
		{03684CE3-E88C-4D3F-8E63-EFA64143FDED}.Release|Any CPU.ActiveCfg = Release|Any CPU
		{03684CE3-E88C-4D3F-8E63-EFA64143FDED}.Release|Any CPU.Build.0 = Release|Any CPU
		{6041160B-CEE3-482A-8D5E-834426463BD0}.Debug|Any CPU.ActiveCfg = Debug|Any CPU
		{6041160B-CEE3-482A-8D5E-834426463BD0}.Debug|Any CPU.Build.0 = Debug|Any CPU
		{6041160B-CEE3-482A-8D5E-834426463BD0}.Release|Any CPU.ActiveCfg = Release|Any CPU
		{6041160B-CEE3-482A-8D5E-834426463BD0}.Release|Any CPU.Build.0 = Release|Any CPU
		{5145C22B-0317-4EB6-8838-93079E6E3067}.Debug|Any CPU.ActiveCfg = Debug|Any CPU
		{5145C22B-0317-4EB6-8838-93079E6E3067}.Debug|Any CPU.Build.0 = Debug|Any CPU
		{5145C22B-0317-4EB6-8838-93079E6E3067}.Release|Any CPU.ActiveCfg = Release|Any CPU
		{5145C22B-0317-4EB6-8838-93079E6E3067}.Release|Any CPU.Build.0 = Release|Any CPU
		{C80AB649-9424-4B98-877A-7A0E235177E1}.Debug|Any CPU.ActiveCfg = Debug|Any CPU
		{C80AB649-9424-4B98-877A-7A0E235177E1}.Debug|Any CPU.Build.0 = Debug|Any CPU
		{C80AB649-9424-4B98-877A-7A0E235177E1}.Release|Any CPU.ActiveCfg = Release|Any CPU
		{C80AB649-9424-4B98-877A-7A0E235177E1}.Release|Any CPU.Build.0 = Release|Any CPU
		{8CB24D74-10B7-407D-8113-3C630EF60C5D}.Debug|Any CPU.ActiveCfg = Debug|Any CPU
		{8CB24D74-10B7-407D-8113-3C630EF60C5D}.Debug|Any CPU.Build.0 = Debug|Any CPU
		{8CB24D74-10B7-407D-8113-3C630EF60C5D}.Release|Any CPU.ActiveCfg = Release|Any CPU
		{8CB24D74-10B7-407D-8113-3C630EF60C5D}.Release|Any CPU.Build.0 = Release|Any CPU
		{FE06C9F1-0D7B-452F-9566-402E632868A0}.Debug|Any CPU.ActiveCfg = Debug|Any CPU
		{FE06C9F1-0D7B-452F-9566-402E632868A0}.Debug|Any CPU.Build.0 = Debug|Any CPU
		{FE06C9F1-0D7B-452F-9566-402E632868A0}.Release|Any CPU.ActiveCfg = Release|Any CPU
		{FE06C9F1-0D7B-452F-9566-402E632868A0}.Release|Any CPU.Build.0 = Release|Any CPU
	EndGlobalSection
	GlobalSection(SolutionProperties) = preSolution
		HideSolutionNode = FALSE
	EndGlobalSection
	GlobalSection(ExtensibilityGlobals) = postSolution
		SolutionGuid = {566A2D1B-BF9C-43F2-A54F-3529E0ADAE58}
	EndGlobalSection
EndGlobal
